{
  "name": "book-search-engine",
  "version": "1.0.0",
  "lockfileVersion": 2,
  "requires": true,
  "packages": {
    "": {
      "name": "book-search-engine",
      "version": "1.0.0",
      "hasInstallScript": true,
      "engines": {
        "node": "16.x",
        "npm": "8.19.2"
      }
    }
  }
}
